
Microsoft Visual Studio Solution File, Format Version 12.00
Project("{2150E333-8FDC-42A3-9474-1A3956D46DE8}") = "Bootstrapper", "Bootstrapper", "{6C190035-F798-4D53-8CD6-09F2F4EB6BCF}"
EndProject
Project("{2150E333-8FDC-42A3-9474-1A3956D46DE8}") = "Modules", "Modules", "{460F8D02-F8E8-4653-9204-ABC73812933C}"
EndProject
Project("{2150E333-8FDC-42A3-9474-1A3956D46DE8}") = "Shared", "Shared", "{556553C4-4A9A-4D9A-AAB6-6EA533410A9C}"
EndProject
Project("{FAE04EC0-301F-11D3-BF4B-00C04F79EFBC}") = "Api", "Bootstrapper\Api\Api.csproj", "{DB3C7D39-9EF1-4A2D-BEB1-B862B5D53439}"
EndProject
Project("{2150E333-8FDC-42A3-9474-1A3956D46DE8}") = "Catalog", "Catalog", "{60586131-EC2C-45ED-8358-85728D3C9A11}"
EndProject
Project("{2150E333-8FDC-42A3-9474-1A3956D46DE8}") = "Basket", "Basket", "{6703CA77-5608-4E5F-8351-FEF825CDA56B}"
EndProject
Project("{2150E333-8FDC-42A3-9474-1A3956D46DE8}") = "Ordering", "Ordering", "{87C9D734-278A-4236-8E84-9466CC47AF1B}"
EndProject
Project("{FAE04EC0-301F-11D3-BF4B-00C04F79EFBC}") = "Basket", "Modules\Basket\Basket\Basket.csproj", "{D753CF5F-0A1A-445F-A867-46645A9C8CC9}"
EndProject
Project("{FAE04EC0-301F-11D3-BF4B-00C04F79EFBC}") = "Catalog", "Modules\Catalog\Catalog\Catalog.csproj", "{CA3ADEAA-D3DC-46A7-9418-46F01841B6E7}"
EndProject
Project("{FAE04EC0-301F-11D3-BF4B-00C04F79EFBC}") = "Ordering", "Modules\Ordering\Ordering\Ordering.csproj", "{9F42987C-F9CF-4019-80BD-F4FA337D8427}"
EndProject
Project("{FAE04EC0-301F-11D3-BF4B-00C04F79EFBC}") = "Shared", "Shared\Shared\Shared.csproj", "{564BD641-F1C0-40F7-B3DB-6F6EDC58B340}"
EndProject
Global
	GlobalSection(SolutionConfigurationPlatforms) = preSolution
		Debug|Any CPU = Debug|Any CPU
		Release|Any CPU = Release|Any CPU
	EndGlobalSection
	GlobalSection(NestedProjects) = preSolution
		{DB3C7D39-9EF1-4A2D-BEB1-B862B5D53439} = {6C190035-F798-4D53-8CD6-09F2F4EB6BCF}
		{60586131-EC2C-45ED-8358-85728D3C9A11} = {460F8D02-F8E8-4653-9204-ABC73812933C}
		{6703CA77-5608-4E5F-8351-FEF825CDA56B} = {460F8D02-F8E8-4653-9204-ABC73812933C}
		{87C9D734-278A-4236-8E84-9466CC47AF1B} = {460F8D02-F8E8-4653-9204-ABC73812933C}
		{D753CF5F-0A1A-445F-A867-46645A9C8CC9} = {6703CA77-5608-4E5F-8351-FEF825CDA56B}
		{CA3ADEAA-D3DC-46A7-9418-46F01841B6E7} = {60586131-EC2C-45ED-8358-85728D3C9A11}
		{9F42987C-F9CF-4019-80BD-F4FA337D8427} = {87C9D734-278A-4236-8E84-9466CC47AF1B}
		{564BD641-F1C0-40F7-B3DB-6F6EDC58B340} = {556553C4-4A9A-4D9A-AAB6-6EA533410A9C}
	EndGlobalSection
	GlobalSection(ProjectConfigurationPlatforms) = postSolution
		{DB3C7D39-9EF1-4A2D-BEB1-B862B5D53439}.Debug|Any CPU.ActiveCfg = Debug|Any CPU
		{DB3C7D39-9EF1-4A2D-BEB1-B862B5D53439}.Debug|Any CPU.Build.0 = Debug|Any CPU
		{DB3C7D39-9EF1-4A2D-BEB1-B862B5D53439}.Release|Any CPU.ActiveCfg = Release|Any CPU
		{DB3C7D39-9EF1-4A2D-BEB1-B862B5D53439}.Release|Any CPU.Build.0 = Release|Any CPU
		{D753CF5F-0A1A-445F-A867-46645A9C8CC9}.Debug|Any CPU.ActiveCfg = Debug|Any CPU
		{D753CF5F-0A1A-445F-A867-46645A9C8CC9}.Debug|Any CPU.Build.0 = Debug|Any CPU
		{D753CF5F-0A1A-445F-A867-46645A9C8CC9}.Release|Any CPU.ActiveCfg = Release|Any CPU
		{D753CF5F-0A1A-445F-A867-46645A9C8CC9}.Release|Any CPU.Build.0 = Release|Any CPU
		{CA3ADEAA-D3DC-46A7-9418-46F01841B6E7}.Debug|Any CPU.ActiveCfg = Debug|Any CPU
		{CA3ADEAA-D3DC-46A7-9418-46F01841B6E7}.Debug|Any CPU.Build.0 = Debug|Any CPU
		{CA3ADEAA-D3DC-46A7-9418-46F01841B6E7}.Release|Any CPU.ActiveCfg = Release|Any CPU
		{CA3ADEAA-D3DC-46A7-9418-46F01841B6E7}.Release|Any CPU.Build.0 = Release|Any CPU
		{9F42987C-F9CF-4019-80BD-F4FA337D8427}.Debug|Any CPU.ActiveCfg = Debug|Any CPU
		{9F42987C-F9CF-4019-80BD-F4FA337D8427}.Debug|Any CPU.Build.0 = Debug|Any CPU
		{9F42987C-F9CF-4019-80BD-F4FA337D8427}.Release|Any CPU.ActiveCfg = Release|Any CPU
		{9F42987C-F9CF-4019-80BD-F4FA337D8427}.Release|Any CPU.Build.0 = Release|Any CPU
		{564BD641-F1C0-40F7-B3DB-6F6EDC58B340}.Debug|Any CPU.ActiveCfg = Debug|Any CPU
		{564BD641-F1C0-40F7-B3DB-6F6EDC58B340}.Debug|Any CPU.Build.0 = Debug|Any CPU
		{564BD641-F1C0-40F7-B3DB-6F6EDC58B340}.Release|Any CPU.ActiveCfg = Release|Any CPU
		{564BD641-F1C0-40F7-B3DB-6F6EDC58B340}.Release|Any CPU.Build.0 = Release|Any CPU
	EndGlobalSection
EndGlobal
